
Microsoft Visual Studio Solution File, Format Version 12.00
# Visual Studio 15
VisualStudioVersion = 15.0.28307.1231
MinimumVisualStudioVersion = 10.0.40219.1
Project("{FAE04EC0-301F-11D3-BF4B-00C04F79EFBC}") = "SD.Toolkits.EntityFramework.NET45", "src\SD.Toolkits.EntityFramework.NET45\SD.Toolkits.EntityFramework.NET45.csproj", "{A101FBDF-273F-477F-85DF-D9AD39FDB117}"
EndProject
Project("{FAE04EC0-301F-11D3-BF4B-00C04F79EFBC}") = "SD.Toolkits.EntityFramework.Tests", "src\SD.Toolkits.EntityFramework.Tests\SD.Toolkits.EntityFramework.Tests.csproj", "{2123B05C-FC6A-4AC0-8223-540B00F8F30C}"
EndProject
Project("{FAE04EC0-301F-11D3-BF4B-00C04F79EFBC}") = "SD.Toolkits.SerialNumber.Tests", "src\SD.Toolkits.SerialNumber.Tests\SD.Toolkits.SerialNumber.Tests.csproj", "{021ED5C8-EF08-49BB-A4AE-337072E417B0}"
EndProject
Project("{FAE04EC0-301F-11D3-BF4B-00C04F79EFBC}") = "SD.Toolkits.SessionSharing.TestSiteMain", "src\SD.Toolkits.SessionSharing.TestSiteMain\SD.Toolkits.SessionSharing.TestSiteMain.csproj", "{3002A0DC-268F-40CE-AF4D-D000ED904A58}"
EndProject
Project("{FAE04EC0-301F-11D3-BF4B-00C04F79EFBC}") = "SD.Toolkits.SessionSharing.TestSiteSub", "src\SD.Toolkits.SessionSharing.TestSiteSub\SD.Toolkits.SessionSharing.TestSiteSub.csproj", "{FC4588F7-2FE9-4D99-8352-6F344DE6EEC0}"
EndProject
Project("{FAE04EC0-301F-11D3-BF4B-00C04F79EFBC}") = "SD.Toolkits.Recursion.Tests", "src\SD.Toolkits.Recursion.Tests\SD.Toolkits.Recursion.Tests.csproj", "{3B3136DA-F25E-49EB-B817-B841A83E99D2}"
EndProject
Project("{FAE04EC0-301F-11D3-BF4B-00C04F79EFBC}") = "SD.Toolkits.Excel.Tests", "src\SD.Toolkits.Excel.Tests\SD.Toolkits.Excel.Tests.csproj", "{02740F70-7E2C-4FC1-864B-A76CE08E9962}"
EndProject
Project("{2150E333-8FDC-42A3-9474-1A3956D46DE8}") = "03 - Tests", "03 - Tests", "{DE420171-A672-478A-99CA-62AB53D57785}"
EndProject
Project("{9A19103F-16F7-4668-BE54-9A1E7A4F7556}") = "SD.Toolkits.EntityFrameworkCore", "src\SD.Toolkits.EntityFrameworkCore\SD.Toolkits.EntityFrameworkCore.csproj", "{69617D73-C69F-45BF-A088-313F39F7AF91}"
EndProject
Project("{9A19103F-16F7-4668-BE54-9A1E7A4F7556}") = "SD.Toolkits.Redis", "src\SD.Toolkits.Redis\SD.Toolkits.Redis.csproj", "{85CCF2CF-082A-4BFA-BAB3-719FCE5E0A4C}"
EndProject
Project("{FAE04EC0-301F-11D3-BF4B-00C04F79EFBC}") = "SD.Toolkits.Redis.Tests", "src\SD.Toolkits.Redis.Tests\SD.Toolkits.Redis.Tests.csproj", "{86B7F67E-3EED-49FD-B728-508EB75CA5E8}"
EndProject
Project("{2150E333-8FDC-42A3-9474-1A3956D46DE8}") = "01 - NET FX", "01 - NET FX", "{341CD552-661B-49D6-934A-9CE5C11437A3}"
EndProject
Project("{2150E333-8FDC-42A3-9474-1A3956D46DE8}") = "02 - NET Standard", "02 - NET Standard", "{84CE5E54-82B6-4B0D-AEC5-3E22BF4FD0D2}"
EndProject
Project("{9A19103F-16F7-4668-BE54-9A1E7A4F7556}") = "SD.Toolkits.SerialNumber", "src\SD.Toolkits.SerialNumber\SD.Toolkits.SerialNumber.csproj", "{F4CE2B91-69F2-4E82-B4B5-3925AD5D9D92}"
EndProject
Project("{9A19103F-16F7-4668-BE54-9A1E7A4F7556}") = "SD.Toolkits.Recursion", "src\SD.Toolkits.Recursion\SD.Toolkits.Recursion.csproj", "{83975BBB-0A8C-4782-80C5-AA717AF8FAA7}"
EndProject
Project("{FAE04EC0-301F-11D3-BF4B-00C04F79EFBC}") = "SD.Toolkits.EntityFrameworkCore.Tests", "src\SD.Toolkits.EntityFrameworkCore.Tests\SD.Toolkits.EntityFrameworkCore.Tests.csproj", "{A0219A7C-D2F4-42DA-9285-3F2B5B298CF0}"
EndProject
Project("{9A19103F-16F7-4668-BE54-9A1E7A4F7556}") = "SD.Toolkits.Validation", "src\SD.Toolkits.Validation\SD.Toolkits.Validation.csproj", "{824DAA9B-A087-4AAF-B4D4-A7B7A6C66A7B}"
EndProject
Project("{9A19103F-16F7-4668-BE54-9A1E7A4F7556}") = "SD.Common", "src\SD.Common\SD.Common.csproj", "{B6E50065-9C06-4013-AD49-3C4901C0A6D2}"
EndProject
Project("{9A19103F-16F7-4668-BE54-9A1E7A4F7556}") = "SD.Toolkits.Image", "src\SD.Toolkits.Image\SD.Toolkits.Image.csproj", "{93635750-E60D-4525-9997-F1D9CD386263}"
EndProject
Project("{FAE04EC0-301F-11D3-BF4B-00C04F79EFBC}") = "SD.Common.Tests", "src\SD.Common.Tests\SD.Common.Tests.csproj", "{CD94D63E-E7A3-46FF-ADC7-2AF9CEBB3755}"
EndProject
Project("{9A19103F-16F7-4668-BE54-9A1E7A4F7556}") = "SD.Toolkits.Excel", "src\SD.Toolkits.Excel\SD.Toolkits.Excel.csproj", "{868D8D86-2753-4A2C-ACDC-A54509936734}"
EndProject
Project("{9A19103F-16F7-4668-BE54-9A1E7A4F7556}") = "System.ServiceModel.NetCore", "src\System.ServiceModel.NetCore\System.ServiceModel.NetCore.csproj", "{01E0206D-DBA4-4CCC-B8E5-CF0B202AF509}"
EndProject
Project("{9A19103F-16F7-4668-BE54-9A1E7A4F7556}") = "System.ServiceModel.NetCore.Tests", "src\System.ServiceModel.NetCore.Tests\System.ServiceModel.NetCore.Tests.csproj", "{E08F6EA1-CC96-43D4-9CD0-58789BF3162E}"
EndProject
Project("{FAE04EC0-301F-11D3-BF4B-00C04F79EFBC}") = "SD.Toolkits.AsyncHttpContext.Tests", "src\SD.Toolkits.AsyncHttpContext.Tests\SD.Toolkits.AsyncHttpContext.Tests.csproj", "{40ECEC52-C9E8-4DCB-805E-3F3D9B99FDD0}"
EndProject
Project("{FAE04EC0-301F-11D3-BF4B-00C04F79EFBC}") = "SD.Toolkits.AsyncHttpContext.NET461", "src\SD.Toolkits.AsyncHttpContext.NET461\SD.Toolkits.AsyncHttpContext.NET461.csproj", "{45562BE3-1606-4A06-9AE7-AA76521E02D5}"
EndProject
Project("{FAE04EC0-301F-11D3-BF4B-00C04F79EFBC}") = "SD.Toolkits.Excel.NET461", "src\SD.Toolkits.Excel.NET461\SD.Toolkits.Excel.NET461.csproj", "{ECAB2CCF-D3B7-44AE-B79E-D60FDE3F9F0F}"
EndProject
Project("{FAE04EC0-301F-11D3-BF4B-00C04F79EFBC}") = "SD.Toolkits.Image.NET461", "src\SD.Toolkits.Image.NET461\SD.Toolkits.Image.NET461.csproj", "{9662890D-9B82-4B55-9582-2D6CDFEB8347}"
EndProject
Project("{FAE04EC0-301F-11D3-BF4B-00C04F79EFBC}") = "SD.Toolkits.Recursion.NET461", "src\SD.Toolkits.Recursion.NET461\SD.Toolkits.Recursion.NET461.csproj", "{67DE9CD1-B746-4390-8995-006CEA1B0A3C}"
EndProject
Project("{FAE04EC0-301F-11D3-BF4B-00C04F79EFBC}") = "SD.Toolkits.Redis.NET461", "src\SD.Toolkits.Redis.NET461\SD.Toolkits.Redis.NET461.csproj", "{AFA4F07D-1581-4BF0-9AFA-394651FB144C}"
EndProject
Project("{FAE04EC0-301F-11D3-BF4B-00C04F79EFBC}") = "SD.Toolkits.Validation.NET461", "src\SD.Toolkits.Validation.NET461\SD.Toolkits.Validation.NET461.csproj", "{A590C83C-7CD4-49EE-9174-83E87710F5F3}"
EndProject
Project("{FAE04EC0-301F-11D3-BF4B-00C04F79EFBC}") = "SD.Toolkits.Redis.NET45", "src\SD.Toolkits.Redis.NET45\SD.Toolkits.Redis.NET45.csproj", "{71578971-07CC-4A62-BFC1-73DCD7B82C35}"
EndProject
Project("{9A19103F-16F7-4668-BE54-9A1E7A4F7556}") = "SD.Toolkits.EntityFramework", "src\SD.Toolkits.EntityFramework\SD.Toolkits.EntityFramework.csproj", "{07165E19-A869-4F33-A906-46A8EF4E5AA2}"
EndProject
Project("{FAE04EC0-301F-11D3-BF4B-00C04F79EFBC}") = "SD.Toolkits.Validation.Tests", "src\SD.Toolkits.Validation.Tests\SD.Toolkits.Validation.Tests.csproj", "{37D68FA0-61F2-40D1-ADED-4EA91A18E298}"
EndProject
Project("{FAE04EC0-301F-11D3-BF4B-00C04F79EFBC}") = "SD.RabbitMQ.ServiceModel", "src\SD.RabbitMQ.ServiceModel\SD.RabbitMQ.ServiceModel.csproj", "{5117232B-EE07-46F8-8AF5-2B636F1DBF56}"
EndProject
Project("{FAE04EC0-301F-11D3-BF4B-00C04F79EFBC}") = "SD.Toolkits.SerialNumber.NET4", "src\SD.Toolkits.SerialNumber.NET4\SD.Toolkits.SerialNumber.NET4.csproj", "{2B4D69AE-F997-4487-A328-CC221EFD45D2}"
EndProject
Project("{9A19103F-16F7-4668-BE54-9A1E7A4F7556}") = "SD.Toolkits.NCalc", "src\SD.Toolkits.NCalc\SD.Toolkits.NCalc.csproj", "{5AD2B2AA-E5AA-4A9A-99DE-838186C4C97A}"
EndProject
Project("{FAE04EC0-301F-11D3-BF4B-00C04F79EFBC}") = "SD.Toolkits.NCalc.NET45", "src\SD.Toolkits.NCalc.NET45\SD.Toolkits.NCalc.NET45.csproj", "{097B56E6-9746-4682-9FB4-959B3FB2B6AC}"
EndProject
Project("{FAE04EC0-301F-11D3-BF4B-00C04F79EFBC}") = "SD.Toolkits.NCalc.Tests", "src\SD.Toolkits.NCalc.Tests\SD.Toolkits.NCalc.Tests.csproj", "{7935349F-5B1C-46CC-B1B6-B3FC8A8A029B}"
EndProject
Project("{9A19103F-16F7-4668-BE54-9A1E7A4F7556}") = "SD.Toolkits.Mapper", "src\SD.Toolkits.Mapper\SD.Toolkits.Mapper.csproj", "{15A3B43D-FB35-43D3-8963-F4AB1F2A9CC1}"
EndProject
Project("{FAE04EC0-301F-11D3-BF4B-00C04F79EFBC}") = "SD.Toolkits.Mapper.NET461", "src\SD.Toolkits.Mapper.NET461\SD.Toolkits.Mapper.NET461.csproj", "{5FC7F5C2-2C46-44A2-B0C5-115327BAD190}"
EndProject
Project("{9A19103F-16F7-4668-BE54-9A1E7A4F7556}") = "SD.Toolkits.Json", "src\SD.Toolkits.Json\SD.Toolkits.Json.csproj", "{CDFF901B-BC8A-4FB7-9C1F-BE010BADA9B9}"
EndProject
Project("{FAE04EC0-301F-11D3-BF4B-00C04F79EFBC}") = "SD.Toolkits.Json.NET45", "src\SD.Toolkits.Json.NET45\SD.Toolkits.Json.NET45.csproj", "{1A679716-EF36-4996-84FC-52B3B7392E33}"
EndProject
Project("{FAE04EC0-301F-11D3-BF4B-00C04F79EFBC}") = "SD.Toolkits.Mapper.Tests", "src\SD.Toolkits.Mapper.Tests\SD.Toolkits.Mapper.Tests.csproj", "{08A0349A-57FD-4547-AF53-E5B111901753}"
EndProject
Project("{FAE04EC0-301F-11D3-BF4B-00C04F79EFBC}") = "SD.Toolkits.Json.Tests", "src\SD.Toolkits.Json.Tests\SD.Toolkits.Json.Tests.csproj", "{C89B2B99-2ECD-4440-9334-89B2A5AD4257}"
EndProject
Project("{FAE04EC0-301F-11D3-BF4B-00C04F79EFBC}") = "SD.Common.NET45", "src\SD.Common.NET45\SD.Common.NET45.csproj", "{3B1AEF4B-93B2-4AE0-9199-7E2C1D54C10B}"
EndProject
Project("{FAE04EC0-301F-11D3-BF4B-00C04F79EFBC}") = "SD.Toolkits.WebApi", "src\SD.Toolkits.WebApi\SD.Toolkits.WebApi.csproj", "{5E9CBCF4-4B63-49B1-92D9-A5DDA71455E3}"
EndProject
Project("{FAE04EC0-301F-11D3-BF4B-00C04F79EFBC}") = "SD.Toolkits.Owin", "src\SD.Toolkits.Owin\SD.Toolkits.Owin.csproj", "{6F684A0F-557C-4743-A842-33910411DDBD}"
EndProject
Global
	GlobalSection(SolutionConfigurationPlatforms) = preSolution
		Debug|Any CPU = Debug|Any CPU
		Release|Any CPU = Release|Any CPU
	EndGlobalSection
	GlobalSection(ProjectConfigurationPlatforms) = postSolution
		{A101FBDF-273F-477F-85DF-D9AD39FDB117}.Debug|Any CPU.ActiveCfg = Debug|Any CPU
		{A101FBDF-273F-477F-85DF-D9AD39FDB117}.Debug|Any CPU.Build.0 = Debug|Any CPU
		{A101FBDF-273F-477F-85DF-D9AD39FDB117}.Release|Any CPU.ActiveCfg = Release|Any CPU
		{A101FBDF-273F-477F-85DF-D9AD39FDB117}.Release|Any CPU.Build.0 = Release|Any CPU
		{2123B05C-FC6A-4AC0-8223-540B00F8F30C}.Debug|Any CPU.ActiveCfg = Debug|Any CPU
		{2123B05C-FC6A-4AC0-8223-540B00F8F30C}.Debug|Any CPU.Build.0 = Debug|Any CPU
		{2123B05C-FC6A-4AC0-8223-540B00F8F30C}.Release|Any CPU.ActiveCfg = Release|Any CPU
		{2123B05C-FC6A-4AC0-8223-540B00F8F30C}.Release|Any CPU.Build.0 = Release|Any CPU
		{021ED5C8-EF08-49BB-A4AE-337072E417B0}.Debug|Any CPU.ActiveCfg = Debug|Any CPU
		{021ED5C8-EF08-49BB-A4AE-337072E417B0}.Debug|Any CPU.Build.0 = Debug|Any CPU
		{021ED5C8-EF08-49BB-A4AE-337072E417B0}.Release|Any CPU.ActiveCfg = Release|Any CPU
		{021ED5C8-EF08-49BB-A4AE-337072E417B0}.Release|Any CPU.Build.0 = Release|Any CPU
		{3002A0DC-268F-40CE-AF4D-D000ED904A58}.Debug|Any CPU.ActiveCfg = Debug|Any CPU
		{3002A0DC-268F-40CE-AF4D-D000ED904A58}.Debug|Any CPU.Build.0 = Debug|Any CPU
		{3002A0DC-268F-40CE-AF4D-D000ED904A58}.Release|Any CPU.ActiveCfg = Release|Any CPU
		{3002A0DC-268F-40CE-AF4D-D000ED904A58}.Release|Any CPU.Build.0 = Release|Any CPU
		{FC4588F7-2FE9-4D99-8352-6F344DE6EEC0}.Debug|Any CPU.ActiveCfg = Debug|Any CPU
		{FC4588F7-2FE9-4D99-8352-6F344DE6EEC0}.Debug|Any CPU.Build.0 = Debug|Any CPU
		{FC4588F7-2FE9-4D99-8352-6F344DE6EEC0}.Release|Any CPU.ActiveCfg = Release|Any CPU
		{FC4588F7-2FE9-4D99-8352-6F344DE6EEC0}.Release|Any CPU.Build.0 = Release|Any CPU
		{3B3136DA-F25E-49EB-B817-B841A83E99D2}.Debug|Any CPU.ActiveCfg = Debug|Any CPU
		{3B3136DA-F25E-49EB-B817-B841A83E99D2}.Debug|Any CPU.Build.0 = Debug|Any CPU
		{3B3136DA-F25E-49EB-B817-B841A83E99D2}.Release|Any CPU.ActiveCfg = Release|Any CPU
		{3B3136DA-F25E-49EB-B817-B841A83E99D2}.Release|Any CPU.Build.0 = Release|Any CPU
		{02740F70-7E2C-4FC1-864B-A76CE08E9962}.Debug|Any CPU.ActiveCfg = Debug|Any CPU
		{02740F70-7E2C-4FC1-864B-A76CE08E9962}.Debug|Any CPU.Build.0 = Debug|Any CPU
		{02740F70-7E2C-4FC1-864B-A76CE08E9962}.Release|Any CPU.ActiveCfg = Release|Any CPU
		{02740F70-7E2C-4FC1-864B-A76CE08E9962}.Release|Any CPU.Build.0 = Release|Any CPU
		{69617D73-C69F-45BF-A088-313F39F7AF91}.Debug|Any CPU.ActiveCfg = Debug|Any CPU
		{69617D73-C69F-45BF-A088-313F39F7AF91}.Debug|Any CPU.Build.0 = Debug|Any CPU
		{69617D73-C69F-45BF-A088-313F39F7AF91}.Release|Any CPU.ActiveCfg = Release|Any CPU
		{69617D73-C69F-45BF-A088-313F39F7AF91}.Release|Any CPU.Build.0 = Release|Any CPU
		{85CCF2CF-082A-4BFA-BAB3-719FCE5E0A4C}.Debug|Any CPU.ActiveCfg = Debug|Any CPU
		{85CCF2CF-082A-4BFA-BAB3-719FCE5E0A4C}.Debug|Any CPU.Build.0 = Debug|Any CPU
		{85CCF2CF-082A-4BFA-BAB3-719FCE5E0A4C}.Release|Any CPU.ActiveCfg = Release|Any CPU
		{85CCF2CF-082A-4BFA-BAB3-719FCE5E0A4C}.Release|Any CPU.Build.0 = Release|Any CPU
		{86B7F67E-3EED-49FD-B728-508EB75CA5E8}.Debug|Any CPU.ActiveCfg = Debug|Any CPU
		{86B7F67E-3EED-49FD-B728-508EB75CA5E8}.Debug|Any CPU.Build.0 = Debug|Any CPU
		{86B7F67E-3EED-49FD-B728-508EB75CA5E8}.Release|Any CPU.ActiveCfg = Release|Any CPU
		{86B7F67E-3EED-49FD-B728-508EB75CA5E8}.Release|Any CPU.Build.0 = Release|Any CPU
		{F4CE2B91-69F2-4E82-B4B5-3925AD5D9D92}.Debug|Any CPU.ActiveCfg = Debug|Any CPU
		{F4CE2B91-69F2-4E82-B4B5-3925AD5D9D92}.Debug|Any CPU.Build.0 = Debug|Any CPU
		{F4CE2B91-69F2-4E82-B4B5-3925AD5D9D92}.Release|Any CPU.ActiveCfg = Release|Any CPU
		{F4CE2B91-69F2-4E82-B4B5-3925AD5D9D92}.Release|Any CPU.Build.0 = Release|Any CPU
		{83975BBB-0A8C-4782-80C5-AA717AF8FAA7}.Debug|Any CPU.ActiveCfg = Debug|Any CPU
		{83975BBB-0A8C-4782-80C5-AA717AF8FAA7}.Debug|Any CPU.Build.0 = Debug|Any CPU
		{83975BBB-0A8C-4782-80C5-AA717AF8FAA7}.Release|Any CPU.ActiveCfg = Release|Any CPU
		{83975BBB-0A8C-4782-80C5-AA717AF8FAA7}.Release|Any CPU.Build.0 = Release|Any CPU
		{A0219A7C-D2F4-42DA-9285-3F2B5B298CF0}.Debug|Any CPU.ActiveCfg = Debug|Any CPU
		{A0219A7C-D2F4-42DA-9285-3F2B5B298CF0}.Debug|Any CPU.Build.0 = Debug|Any CPU
		{A0219A7C-D2F4-42DA-9285-3F2B5B298CF0}.Release|Any CPU.ActiveCfg = Release|Any CPU
		{A0219A7C-D2F4-42DA-9285-3F2B5B298CF0}.Release|Any CPU.Build.0 = Release|Any CPU
		{824DAA9B-A087-4AAF-B4D4-A7B7A6C66A7B}.Debug|Any CPU.ActiveCfg = Debug|Any CPU
		{824DAA9B-A087-4AAF-B4D4-A7B7A6C66A7B}.Debug|Any CPU.Build.0 = Debug|Any CPU
		{824DAA9B-A087-4AAF-B4D4-A7B7A6C66A7B}.Release|Any CPU.ActiveCfg = Release|Any CPU
		{824DAA9B-A087-4AAF-B4D4-A7B7A6C66A7B}.Release|Any CPU.Build.0 = Release|Any CPU
		{B6E50065-9C06-4013-AD49-3C4901C0A6D2}.Debug|Any CPU.ActiveCfg = Debug|Any CPU
		{B6E50065-9C06-4013-AD49-3C4901C0A6D2}.Debug|Any CPU.Build.0 = Debug|Any CPU
		{B6E50065-9C06-4013-AD49-3C4901C0A6D2}.Release|Any CPU.ActiveCfg = Release|Any CPU
		{B6E50065-9C06-4013-AD49-3C4901C0A6D2}.Release|Any CPU.Build.0 = Release|Any CPU
		{93635750-E60D-4525-9997-F1D9CD386263}.Debug|Any CPU.ActiveCfg = Debug|Any CPU
		{93635750-E60D-4525-9997-F1D9CD386263}.Debug|Any CPU.Build.0 = Debug|Any CPU
		{93635750-E60D-4525-9997-F1D9CD386263}.Release|Any CPU.ActiveCfg = Release|Any CPU
		{93635750-E60D-4525-9997-F1D9CD386263}.Release|Any CPU.Build.0 = Release|Any CPU
		{CD94D63E-E7A3-46FF-ADC7-2AF9CEBB3755}.Debug|Any CPU.ActiveCfg = Debug|Any CPU
		{CD94D63E-E7A3-46FF-ADC7-2AF9CEBB3755}.Debug|Any CPU.Build.0 = Debug|Any CPU
		{CD94D63E-E7A3-46FF-ADC7-2AF9CEBB3755}.Release|Any CPU.ActiveCfg = Release|Any CPU
		{CD94D63E-E7A3-46FF-ADC7-2AF9CEBB3755}.Release|Any CPU.Build.0 = Release|Any CPU
		{868D8D86-2753-4A2C-ACDC-A54509936734}.Debug|Any CPU.ActiveCfg = Debug|Any CPU
		{868D8D86-2753-4A2C-ACDC-A54509936734}.Debug|Any CPU.Build.0 = Debug|Any CPU
		{868D8D86-2753-4A2C-ACDC-A54509936734}.Release|Any CPU.ActiveCfg = Release|Any CPU
		{868D8D86-2753-4A2C-ACDC-A54509936734}.Release|Any CPU.Build.0 = Release|Any CPU
		{01E0206D-DBA4-4CCC-B8E5-CF0B202AF509}.Debug|Any CPU.ActiveCfg = Debug|Any CPU
		{01E0206D-DBA4-4CCC-B8E5-CF0B202AF509}.Debug|Any CPU.Build.0 = Debug|Any CPU
		{01E0206D-DBA4-4CCC-B8E5-CF0B202AF509}.Release|Any CPU.ActiveCfg = Release|Any CPU
		{01E0206D-DBA4-4CCC-B8E5-CF0B202AF509}.Release|Any CPU.Build.0 = Release|Any CPU
		{E08F6EA1-CC96-43D4-9CD0-58789BF3162E}.Debug|Any CPU.ActiveCfg = Debug|Any CPU
		{E08F6EA1-CC96-43D4-9CD0-58789BF3162E}.Debug|Any CPU.Build.0 = Debug|Any CPU
		{E08F6EA1-CC96-43D4-9CD0-58789BF3162E}.Release|Any CPU.ActiveCfg = Release|Any CPU
		{E08F6EA1-CC96-43D4-9CD0-58789BF3162E}.Release|Any CPU.Build.0 = Release|Any CPU
		{40ECEC52-C9E8-4DCB-805E-3F3D9B99FDD0}.Debug|Any CPU.ActiveCfg = Debug|Any CPU
		{40ECEC52-C9E8-4DCB-805E-3F3D9B99FDD0}.Debug|Any CPU.Build.0 = Debug|Any CPU
		{40ECEC52-C9E8-4DCB-805E-3F3D9B99FDD0}.Release|Any CPU.ActiveCfg = Release|Any CPU
		{40ECEC52-C9E8-4DCB-805E-3F3D9B99FDD0}.Release|Any CPU.Build.0 = Release|Any CPU
		{45562BE3-1606-4A06-9AE7-AA76521E02D5}.Debug|Any CPU.ActiveCfg = Debug|Any CPU
		{45562BE3-1606-4A06-9AE7-AA76521E02D5}.Debug|Any CPU.Build.0 = Debug|Any CPU
		{45562BE3-1606-4A06-9AE7-AA76521E02D5}.Release|Any CPU.ActiveCfg = Release|Any CPU
		{45562BE3-1606-4A06-9AE7-AA76521E02D5}.Release|Any CPU.Build.0 = Release|Any CPU
		{ECAB2CCF-D3B7-44AE-B79E-D60FDE3F9F0F}.Debug|Any CPU.ActiveCfg = Debug|Any CPU
		{ECAB2CCF-D3B7-44AE-B79E-D60FDE3F9F0F}.Debug|Any CPU.Build.0 = Debug|Any CPU
		{ECAB2CCF-D3B7-44AE-B79E-D60FDE3F9F0F}.Release|Any CPU.ActiveCfg = Release|Any CPU
		{ECAB2CCF-D3B7-44AE-B79E-D60FDE3F9F0F}.Release|Any CPU.Build.0 = Release|Any CPU
		{9662890D-9B82-4B55-9582-2D6CDFEB8347}.Debug|Any CPU.ActiveCfg = Debug|Any CPU
		{9662890D-9B82-4B55-9582-2D6CDFEB8347}.Debug|Any CPU.Build.0 = Debug|Any CPU
		{9662890D-9B82-4B55-9582-2D6CDFEB8347}.Release|Any CPU.ActiveCfg = Release|Any CPU
		{9662890D-9B82-4B55-9582-2D6CDFEB8347}.Release|Any CPU.Build.0 = Release|Any CPU
		{67DE9CD1-B746-4390-8995-006CEA1B0A3C}.Debug|Any CPU.ActiveCfg = Debug|Any CPU
		{67DE9CD1-B746-4390-8995-006CEA1B0A3C}.Debug|Any CPU.Build.0 = Debug|Any CPU
		{67DE9CD1-B746-4390-8995-006CEA1B0A3C}.Release|Any CPU.ActiveCfg = Release|Any CPU
		{67DE9CD1-B746-4390-8995-006CEA1B0A3C}.Release|Any CPU.Build.0 = Release|Any CPU
		{AFA4F07D-1581-4BF0-9AFA-394651FB144C}.Debug|Any CPU.ActiveCfg = Debug|Any CPU
		{AFA4F07D-1581-4BF0-9AFA-394651FB144C}.Debug|Any CPU.Build.0 = Debug|Any CPU
		{AFA4F07D-1581-4BF0-9AFA-394651FB144C}.Release|Any CPU.ActiveCfg = Release|Any CPU
		{AFA4F07D-1581-4BF0-9AFA-394651FB144C}.Release|Any CPU.Build.0 = Release|Any CPU
		{A590C83C-7CD4-49EE-9174-83E87710F5F3}.Debug|Any CPU.ActiveCfg = Debug|Any CPU
		{A590C83C-7CD4-49EE-9174-83E87710F5F3}.Debug|Any CPU.Build.0 = Debug|Any CPU
		{A590C83C-7CD4-49EE-9174-83E87710F5F3}.Release|Any CPU.ActiveCfg = Release|Any CPU
		{A590C83C-7CD4-49EE-9174-83E87710F5F3}.Release|Any CPU.Build.0 = Release|Any CPU
		{71578971-07CC-4A62-BFC1-73DCD7B82C35}.Debug|Any CPU.ActiveCfg = Debug|Any CPU
		{71578971-07CC-4A62-BFC1-73DCD7B82C35}.Debug|Any CPU.Build.0 = Debug|Any CPU
		{71578971-07CC-4A62-BFC1-73DCD7B82C35}.Release|Any CPU.ActiveCfg = Release|Any CPU
		{71578971-07CC-4A62-BFC1-73DCD7B82C35}.Release|Any CPU.Build.0 = Release|Any CPU
		{07165E19-A869-4F33-A906-46A8EF4E5AA2}.Debug|Any CPU.ActiveCfg = Debug|Any CPU
		{07165E19-A869-4F33-A906-46A8EF4E5AA2}.Debug|Any CPU.Build.0 = Debug|Any CPU
		{07165E19-A869-4F33-A906-46A8EF4E5AA2}.Release|Any CPU.ActiveCfg = Release|Any CPU
		{07165E19-A869-4F33-A906-46A8EF4E5AA2}.Release|Any CPU.Build.0 = Release|Any CPU
		{37D68FA0-61F2-40D1-ADED-4EA91A18E298}.Debug|Any CPU.ActiveCfg = Debug|Any CPU
		{37D68FA0-61F2-40D1-ADED-4EA91A18E298}.Debug|Any CPU.Build.0 = Debug|Any CPU
		{37D68FA0-61F2-40D1-ADED-4EA91A18E298}.Release|Any CPU.ActiveCfg = Release|Any CPU
		{37D68FA0-61F2-40D1-ADED-4EA91A18E298}.Release|Any CPU.Build.0 = Release|Any CPU
		{5117232B-EE07-46F8-8AF5-2B636F1DBF56}.Debug|Any CPU.ActiveCfg = Debug|Any CPU
		{5117232B-EE07-46F8-8AF5-2B636F1DBF56}.Debug|Any CPU.Build.0 = Debug|Any CPU
		{5117232B-EE07-46F8-8AF5-2B636F1DBF56}.Release|Any CPU.ActiveCfg = Release|Any CPU
		{5117232B-EE07-46F8-8AF5-2B636F1DBF56}.Release|Any CPU.Build.0 = Release|Any CPU
		{2B4D69AE-F997-4487-A328-CC221EFD45D2}.Debug|Any CPU.ActiveCfg = Debug|Any CPU
		{2B4D69AE-F997-4487-A328-CC221EFD45D2}.Debug|Any CPU.Build.0 = Debug|Any CPU
		{2B4D69AE-F997-4487-A328-CC221EFD45D2}.Release|Any CPU.ActiveCfg = Release|Any CPU
		{2B4D69AE-F997-4487-A328-CC221EFD45D2}.Release|Any CPU.Build.0 = Release|Any CPU
		{5AD2B2AA-E5AA-4A9A-99DE-838186C4C97A}.Debug|Any CPU.ActiveCfg = Debug|Any CPU
		{5AD2B2AA-E5AA-4A9A-99DE-838186C4C97A}.Debug|Any CPU.Build.0 = Debug|Any CPU
		{5AD2B2AA-E5AA-4A9A-99DE-838186C4C97A}.Release|Any CPU.ActiveCfg = Release|Any CPU
		{5AD2B2AA-E5AA-4A9A-99DE-838186C4C97A}.Release|Any CPU.Build.0 = Release|Any CPU
		{097B56E6-9746-4682-9FB4-959B3FB2B6AC}.Debug|Any CPU.ActiveCfg = Debug|Any CPU
		{097B56E6-9746-4682-9FB4-959B3FB2B6AC}.Debug|Any CPU.Build.0 = Debug|Any CPU
		{097B56E6-9746-4682-9FB4-959B3FB2B6AC}.Release|Any CPU.ActiveCfg = Release|Any CPU
		{097B56E6-9746-4682-9FB4-959B3FB2B6AC}.Release|Any CPU.Build.0 = Release|Any CPU
		{7935349F-5B1C-46CC-B1B6-B3FC8A8A029B}.Debug|Any CPU.ActiveCfg = Debug|Any CPU
		{7935349F-5B1C-46CC-B1B6-B3FC8A8A029B}.Debug|Any CPU.Build.0 = Debug|Any CPU
		{7935349F-5B1C-46CC-B1B6-B3FC8A8A029B}.Release|Any CPU.ActiveCfg = Release|Any CPU
		{7935349F-5B1C-46CC-B1B6-B3FC8A8A029B}.Release|Any CPU.Build.0 = Release|Any CPU
		{15A3B43D-FB35-43D3-8963-F4AB1F2A9CC1}.Debug|Any CPU.ActiveCfg = Debug|Any CPU
		{15A3B43D-FB35-43D3-8963-F4AB1F2A9CC1}.Debug|Any CPU.Build.0 = Debug|Any CPU
		{15A3B43D-FB35-43D3-8963-F4AB1F2A9CC1}.Release|Any CPU.ActiveCfg = Release|Any CPU
		{15A3B43D-FB35-43D3-8963-F4AB1F2A9CC1}.Release|Any CPU.Build.0 = Release|Any CPU
		{5FC7F5C2-2C46-44A2-B0C5-115327BAD190}.Debug|Any CPU.ActiveCfg = Debug|Any CPU
		{5FC7F5C2-2C46-44A2-B0C5-115327BAD190}.Debug|Any CPU.Build.0 = Debug|Any CPU
		{5FC7F5C2-2C46-44A2-B0C5-115327BAD190}.Release|Any CPU.ActiveCfg = Release|Any CPU
		{5FC7F5C2-2C46-44A2-B0C5-115327BAD190}.Release|Any CPU.Build.0 = Release|Any CPU
		{CDFF901B-BC8A-4FB7-9C1F-BE010BADA9B9}.Debug|Any CPU.ActiveCfg = Debug|Any CPU
		{CDFF901B-BC8A-4FB7-9C1F-BE010BADA9B9}.Debug|Any CPU.Build.0 = Debug|Any CPU
		{CDFF901B-BC8A-4FB7-9C1F-BE010BADA9B9}.Release|Any CPU.ActiveCfg = Release|Any CPU
		{CDFF901B-BC8A-4FB7-9C1F-BE010BADA9B9}.Release|Any CPU.Build.0 = Release|Any CPU
		{1A679716-EF36-4996-84FC-52B3B7392E33}.Debug|Any CPU.ActiveCfg = Debug|Any CPU
		{1A679716-EF36-4996-84FC-52B3B7392E33}.Debug|Any CPU.Build.0 = Debug|Any CPU
		{1A679716-EF36-4996-84FC-52B3B7392E33}.Release|Any CPU.ActiveCfg = Release|Any CPU
		{1A679716-EF36-4996-84FC-52B3B7392E33}.Release|Any CPU.Build.0 = Release|Any CPU
		{08A0349A-57FD-4547-AF53-E5B111901753}.Debug|Any CPU.ActiveCfg = Debug|Any CPU
		{08A0349A-57FD-4547-AF53-E5B111901753}.Debug|Any CPU.Build.0 = Debug|Any CPU
		{08A0349A-57FD-4547-AF53-E5B111901753}.Release|Any CPU.ActiveCfg = Release|Any CPU
		{08A0349A-57FD-4547-AF53-E5B111901753}.Release|Any CPU.Build.0 = Release|Any CPU
		{C89B2B99-2ECD-4440-9334-89B2A5AD4257}.Debug|Any CPU.ActiveCfg = Debug|Any CPU
		{C89B2B99-2ECD-4440-9334-89B2A5AD4257}.Debug|Any CPU.Build.0 = Debug|Any CPU
		{C89B2B99-2ECD-4440-9334-89B2A5AD4257}.Release|Any CPU.ActiveCfg = Release|Any CPU
		{C89B2B99-2ECD-4440-9334-89B2A5AD4257}.Release|Any CPU.Build.0 = Release|Any CPU
		{3B1AEF4B-93B2-4AE0-9199-7E2C1D54C10B}.Debug|Any CPU.ActiveCfg = Debug|Any CPU
		{3B1AEF4B-93B2-4AE0-9199-7E2C1D54C10B}.Debug|Any CPU.Build.0 = Debug|Any CPU
		{3B1AEF4B-93B2-4AE0-9199-7E2C1D54C10B}.Release|Any CPU.ActiveCfg = Release|Any CPU
		{3B1AEF4B-93B2-4AE0-9199-7E2C1D54C10B}.Release|Any CPU.Build.0 = Release|Any CPU
		{5E9CBCF4-4B63-49B1-92D9-A5DDA71455E3}.Debug|Any CPU.ActiveCfg = Debug|Any CPU
		{5E9CBCF4-4B63-49B1-92D9-A5DDA71455E3}.Debug|Any CPU.Build.0 = Debug|Any CPU
		{5E9CBCF4-4B63-49B1-92D9-A5DDA71455E3}.Release|Any CPU.ActiveCfg = Release|Any CPU
		{5E9CBCF4-4B63-49B1-92D9-A5DDA71455E3}.Release|Any CPU.Build.0 = Release|Any CPU
		{6F684A0F-557C-4743-A842-33910411DDBD}.Debug|Any CPU.ActiveCfg = Debug|Any CPU
		{6F684A0F-557C-4743-A842-33910411DDBD}.Debug|Any CPU.Build.0 = Debug|Any CPU
		{6F684A0F-557C-4743-A842-33910411DDBD}.Release|Any CPU.ActiveCfg = Release|Any CPU
		{6F684A0F-557C-4743-A842-33910411DDBD}.Release|Any CPU.Build.0 = Release|Any CPU
	EndGlobalSection
	GlobalSection(SolutionProperties) = preSolution
		HideSolutionNode = FALSE
	EndGlobalSection
	GlobalSection(NestedProjects) = preSolution
		{A101FBDF-273F-477F-85DF-D9AD39FDB117} = {341CD552-661B-49D6-934A-9CE5C11437A3}
		{2123B05C-FC6A-4AC0-8223-540B00F8F30C} = {DE420171-A672-478A-99CA-62AB53D57785}
		{021ED5C8-EF08-49BB-A4AE-337072E417B0} = {DE420171-A672-478A-99CA-62AB53D57785}
		{3002A0DC-268F-40CE-AF4D-D000ED904A58} = {DE420171-A672-478A-99CA-62AB53D57785}
		{FC4588F7-2FE9-4D99-8352-6F344DE6EEC0} = {DE420171-A672-478A-99CA-62AB53D57785}
		{3B3136DA-F25E-49EB-B817-B841A83E99D2} = {DE420171-A672-478A-99CA-62AB53D57785}
		{02740F70-7E2C-4FC1-864B-A76CE08E9962} = {DE420171-A672-478A-99CA-62AB53D57785}
		{69617D73-C69F-45BF-A088-313F39F7AF91} = {84CE5E54-82B6-4B0D-AEC5-3E22BF4FD0D2}
		{85CCF2CF-082A-4BFA-BAB3-719FCE5E0A4C} = {84CE5E54-82B6-4B0D-AEC5-3E22BF4FD0D2}
		{86B7F67E-3EED-49FD-B728-508EB75CA5E8} = {DE420171-A672-478A-99CA-62AB53D57785}
		{F4CE2B91-69F2-4E82-B4B5-3925AD5D9D92} = {84CE5E54-82B6-4B0D-AEC5-3E22BF4FD0D2}
		{83975BBB-0A8C-4782-80C5-AA717AF8FAA7} = {84CE5E54-82B6-4B0D-AEC5-3E22BF4FD0D2}
		{A0219A7C-D2F4-42DA-9285-3F2B5B298CF0} = {DE420171-A672-478A-99CA-62AB53D57785}
		{824DAA9B-A087-4AAF-B4D4-A7B7A6C66A7B} = {84CE5E54-82B6-4B0D-AEC5-3E22BF4FD0D2}
		{B6E50065-9C06-4013-AD49-3C4901C0A6D2} = {84CE5E54-82B6-4B0D-AEC5-3E22BF4FD0D2}
		{93635750-E60D-4525-9997-F1D9CD386263} = {84CE5E54-82B6-4B0D-AEC5-3E22BF4FD0D2}
		{CD94D63E-E7A3-46FF-ADC7-2AF9CEBB3755} = {DE420171-A672-478A-99CA-62AB53D57785}
		{868D8D86-2753-4A2C-ACDC-A54509936734} = {84CE5E54-82B6-4B0D-AEC5-3E22BF4FD0D2}
		{01E0206D-DBA4-4CCC-B8E5-CF0B202AF509} = {84CE5E54-82B6-4B0D-AEC5-3E22BF4FD0D2}
		{E08F6EA1-CC96-43D4-9CD0-58789BF3162E} = {DE420171-A672-478A-99CA-62AB53D57785}
		{40ECEC52-C9E8-4DCB-805E-3F3D9B99FDD0} = {DE420171-A672-478A-99CA-62AB53D57785}
		{45562BE3-1606-4A06-9AE7-AA76521E02D5} = {341CD552-661B-49D6-934A-9CE5C11437A3}
		{ECAB2CCF-D3B7-44AE-B79E-D60FDE3F9F0F} = {341CD552-661B-49D6-934A-9CE5C11437A3}
		{9662890D-9B82-4B55-9582-2D6CDFEB8347} = {341CD552-661B-49D6-934A-9CE5C11437A3}
		{67DE9CD1-B746-4390-8995-006CEA1B0A3C} = {341CD552-661B-49D6-934A-9CE5C11437A3}
		{AFA4F07D-1581-4BF0-9AFA-394651FB144C} = {341CD552-661B-49D6-934A-9CE5C11437A3}
		{A590C83C-7CD4-49EE-9174-83E87710F5F3} = {341CD552-661B-49D6-934A-9CE5C11437A3}
		{71578971-07CC-4A62-BFC1-73DCD7B82C35} = {341CD552-661B-49D6-934A-9CE5C11437A3}
		{07165E19-A869-4F33-A906-46A8EF4E5AA2} = {84CE5E54-82B6-4B0D-AEC5-3E22BF4FD0D2}
		{37D68FA0-61F2-40D1-ADED-4EA91A18E298} = {DE420171-A672-478A-99CA-62AB53D57785}
		{5117232B-EE07-46F8-8AF5-2B636F1DBF56} = {341CD552-661B-49D6-934A-9CE5C11437A3}
		{2B4D69AE-F997-4487-A328-CC221EFD45D2} = {341CD552-661B-49D6-934A-9CE5C11437A3}
		{5AD2B2AA-E5AA-4A9A-99DE-838186C4C97A} = {84CE5E54-82B6-4B0D-AEC5-3E22BF4FD0D2}
		{097B56E6-9746-4682-9FB4-959B3FB2B6AC} = {341CD552-661B-49D6-934A-9CE5C11437A3}
		{7935349F-5B1C-46CC-B1B6-B3FC8A8A029B} = {DE420171-A672-478A-99CA-62AB53D57785}
		{15A3B43D-FB35-43D3-8963-F4AB1F2A9CC1} = {84CE5E54-82B6-4B0D-AEC5-3E22BF4FD0D2}
		{5FC7F5C2-2C46-44A2-B0C5-115327BAD190} = {341CD552-661B-49D6-934A-9CE5C11437A3}
		{CDFF901B-BC8A-4FB7-9C1F-BE010BADA9B9} = {84CE5E54-82B6-4B0D-AEC5-3E22BF4FD0D2}
		{1A679716-EF36-4996-84FC-52B3B7392E33} = {341CD552-661B-49D6-934A-9CE5C11437A3}
		{08A0349A-57FD-4547-AF53-E5B111901753} = {DE420171-A672-478A-99CA-62AB53D57785}
		{C89B2B99-2ECD-4440-9334-89B2A5AD4257} = {DE420171-A672-478A-99CA-62AB53D57785}
		{3B1AEF4B-93B2-4AE0-9199-7E2C1D54C10B} = {341CD552-661B-49D6-934A-9CE5C11437A3}
		{5E9CBCF4-4B63-49B1-92D9-A5DDA71455E3} = {341CD552-661B-49D6-934A-9CE5C11437A3}
		{6F684A0F-557C-4743-A842-33910411DDBD} = {341CD552-661B-49D6-934A-9CE5C11437A3}
	EndGlobalSection
	GlobalSection(ExtensibilityGlobals) = postSolution
		SolutionGuid = {E971DA80-FBCC-48DC-94AF-074536131022}
	EndGlobalSection
EndGlobal
