
Microsoft Visual Studio Solution File, Format Version 12.00
# Visual Studio 15
VisualStudioVersion = 15.0.27130.2036
MinimumVisualStudioVersion = 10.0.40219.1
Project("{2150E333-8FDC-42A3-9474-1A3956D46DE8}") = ".nuget", ".nuget", "{FF4ABECC-5097-4064-95CA-9BF579AEE43C}"
	ProjectSection(SolutionItems) = preProject
		.nuget\NuGet.Config = .nuget\NuGet.Config
		.nuget\NuGet.exe = .nuget\NuGet.exe
		.nuget\NuGet.targets = .nuget\NuGet.targets
	EndProjectSection
EndProject
Project("{FAE04EC0-301F-11D3-BF4B-00C04F79EFBC}") = "SD.Toolkits.EntityFramework", "src\SD.Toolkits.EntityFramework\SD.Toolkits.EntityFramework.csproj", "{A101FBDF-273F-477F-85DF-D9AD39FDB117}"
EndProject
Project("{FAE04EC0-301F-11D3-BF4B-00C04F79EFBC}") = "SD.Toolkits.EntityFramework.Tests", "tests\SD.Toolkits.EntityFramework.Tests\SD.Toolkits.EntityFramework.Tests.csproj", "{2123B05C-FC6A-4AC0-8223-540B00F8F30C}"
EndProject
Project("{FAE04EC0-301F-11D3-BF4B-00C04F79EFBC}") = "SD.Toolkits.SerialNumber.Tests", "tests\SD.Toolkits.SerialNumber.Tests\SD.Toolkits.SerialNumber.Tests.csproj", "{021ED5C8-EF08-49BB-A4AE-337072E417B0}"
EndProject
Project("{FAE04EC0-301F-11D3-BF4B-00C04F79EFBC}") = "SD.Toolkits.TaskScheduler.Tests", "tests\SD.Toolkits.TaskScheduler.Tests\SD.Toolkits.TaskScheduler.Tests.csproj", "{393122FA-2373-4162-9566-08D306BF579E}"
EndProject
Project("{FAE04EC0-301F-11D3-BF4B-00C04F79EFBC}") = "SD.Toolkits.SessionSharing.TestSiteMain", "tests\SD.Toolkits.SessionSharing.TestSiteMain\SD.Toolkits.SessionSharing.TestSiteMain.csproj", "{3002A0DC-268F-40CE-AF4D-D000ED904A58}"
EndProject
Project("{FAE04EC0-301F-11D3-BF4B-00C04F79EFBC}") = "SD.Toolkits.SessionSharing.TestSiteSub", "tests\SD.Toolkits.SessionSharing.TestSiteSub\SD.Toolkits.SessionSharing.TestSiteSub.csproj", "{FC4588F7-2FE9-4D99-8352-6F344DE6EEC0}"
EndProject
Project("{FAE04EC0-301F-11D3-BF4B-00C04F79EFBC}") = "SD.Toolkits.Recursion.Tests", "tests\SD.Toolkits.Recursion.Tests\SD.Toolkits.Recursion.Tests.csproj", "{3B3136DA-F25E-49EB-B817-B841A83E99D2}"
EndProject
Project("{FAE04EC0-301F-11D3-BF4B-00C04F79EFBC}") = "SD.Toolkits.Validation.Tests", "tests\SD.Toolkits.Validation.Tests\SD.Toolkits.Validation.Tests.csproj", "{37D68FA0-61F2-40D1-ADED-4EA91A18E298}"
EndProject
Project("{FAE04EC0-301F-11D3-BF4B-00C04F79EFBC}") = "SD.Toolkits.Excel.Tests", "tests\SD.Toolkits.Excel.Tests\SD.Toolkits.Excel.Tests.csproj", "{02740F70-7E2C-4FC1-864B-A76CE08E9962}"
EndProject
Project("{FAE04EC0-301F-11D3-BF4B-00C04F79EFBC}") = "SD.Toolkits.Redis.ServiceStack.Tests", "obsoleted\SD.Toolkits.Redis.ServiceStack.Tests\SD.Toolkits.Redis.ServiceStack.Tests.csproj", "{B30ACE1A-26E0-4EE4-A935-F7B64B9AB550}"
EndProject
Project("{FAE04EC0-301F-11D3-BF4B-00C04F79EFBC}") = "SD.Toolkits.Redis.ServiceStack", "obsoleted\SD.Toolkits.Redis.ServiceStack\SD.Toolkits.Redis.ServiceStack.csproj", "{32D0DFC1-5F8C-4538-A5B6-FB8833925314}"
EndProject
Project("{2150E333-8FDC-42A3-9474-1A3956D46DE8}") = "03 - Tests", "03 - Tests", "{DE420171-A672-478A-99CA-62AB53D57785}"
EndProject
Project("{9A19103F-16F7-4668-BE54-9A1E7A4F7556}") = "SD.Toolkits.EntityFrameworkCore", "src\SD.Toolkits.EntityFrameworkCore\SD.Toolkits.EntityFrameworkCore.csproj", "{69617D73-C69F-45BF-A088-313F39F7AF91}"
EndProject
Project("{FAE04EC0-301F-11D3-BF4B-00C04F79EFBC}") = "SD.Common.NetFx", "src\SD.Common.NetFx\SD.Common.NetFx.csproj", "{37402463-F73A-4788-B9DE-5C57EC18604F}"
EndProject
Project("{9A19103F-16F7-4668-BE54-9A1E7A4F7556}") = "SD.Toolkits.Redis", "src\SD.Toolkits.Redis\SD.Toolkits.Redis.csproj", "{85CCF2CF-082A-4BFA-BAB3-719FCE5E0A4C}"
EndProject
Project("{FAE04EC0-301F-11D3-BF4B-00C04F79EFBC}") = "SD.Toolkits.Redis.Tests", "tests\SD.Toolkits.Redis.Tests\SD.Toolkits.Redis.Tests.csproj", "{86B7F67E-3EED-49FD-B728-508EB75CA5E8}"
EndProject
Project("{2150E333-8FDC-42A3-9474-1A3956D46DE8}") = "04 - Obsoleted", "04 - Obsoleted", "{5407248D-A1AD-48BB-9C3B-BEB9C05CC194}"
EndProject
Project("{2150E333-8FDC-42A3-9474-1A3956D46DE8}") = "01 - NET FX", "01 - NET FX", "{341CD552-661B-49D6-934A-9CE5C11437A3}"
EndProject
Project("{2150E333-8FDC-42A3-9474-1A3956D46DE8}") = "02 - NET Standard", "02 - NET Standard", "{84CE5E54-82B6-4B0D-AEC5-3E22BF4FD0D2}"
EndProject
Project("{9A19103F-16F7-4668-BE54-9A1E7A4F7556}") = "SD.Toolkits.SerialNumber", "src\SD.Toolkits.SerialNumber\SD.Toolkits.SerialNumber.csproj", "{F4CE2B91-69F2-4E82-B4B5-3925AD5D9D92}"
EndProject
Project("{9A19103F-16F7-4668-BE54-9A1E7A4F7556}") = "SD.Toolkits.Recursion", "src\SD.Toolkits.Recursion\SD.Toolkits.Recursion.csproj", "{83975BBB-0A8C-4782-80C5-AA717AF8FAA7}"
EndProject
Project("{9A19103F-16F7-4668-BE54-9A1E7A4F7556}") = "SD.Toolkits.TaskScheduler", "src\SD.Toolkits.TaskScheduler\SD.Toolkits.TaskScheduler.csproj", "{45A88E37-BF90-4D78-B7EB-2A0281B4E5B3}"
EndProject
Project("{FAE04EC0-301F-11D3-BF4B-00C04F79EFBC}") = "SD.Toolkits.EntityFrameworkCore.Tests", "tests\SD.Toolkits.EntityFrameworkCore.Tests\SD.Toolkits.EntityFrameworkCore.Tests.csproj", "{A0219A7C-D2F4-42DA-9285-3F2B5B298CF0}"
EndProject
Project("{9A19103F-16F7-4668-BE54-9A1E7A4F7556}") = "SD.Toolkits.Validation", "src\SD.Toolkits.Validation\SD.Toolkits.Validation.csproj", "{824DAA9B-A087-4AAF-B4D4-A7B7A6C66A7B}"
EndProject
Project("{9A19103F-16F7-4668-BE54-9A1E7A4F7556}") = "SD.Common", "src\SD.Common\SD.Common.csproj", "{B6E50065-9C06-4013-AD49-3C4901C0A6D2}"
EndProject
Project("{FAE04EC0-301F-11D3-BF4B-00C04F79EFBC}") = "SD.Toolkits.Image", "src\SD.Toolkits.Image\SD.Toolkits.Image.csproj", "{93635750-E60D-4525-9997-F1D9CD386263}"
EndProject
Project("{FAE04EC0-301F-11D3-BF4B-00C04F79EFBC}") = "SD.Common.Tests", "tests\SD.Common.Tests\SD.Common.Tests.csproj", "{CD94D63E-E7A3-46FF-ADC7-2AF9CEBB3755}"
EndProject
Project("{FAE04EC0-301F-11D3-BF4B-00C04F79EFBC}") = "SD.Toolkits.Excel", "src\SD.Toolkits.Excel\SD.Toolkits.Excel.csproj", "{868D8D86-2753-4A2C-ACDC-A54509936734}"
EndProject
Global
	GlobalSection(SolutionConfigurationPlatforms) = preSolution
		Debug|Any CPU = Debug|Any CPU
		Release|Any CPU = Release|Any CPU
	EndGlobalSection
	GlobalSection(ProjectConfigurationPlatforms) = postSolution
		{A101FBDF-273F-477F-85DF-D9AD39FDB117}.Debug|Any CPU.ActiveCfg = Debug|Any CPU
		{A101FBDF-273F-477F-85DF-D9AD39FDB117}.Debug|Any CPU.Build.0 = Debug|Any CPU
		{A101FBDF-273F-477F-85DF-D9AD39FDB117}.Release|Any CPU.ActiveCfg = Release|Any CPU
		{A101FBDF-273F-477F-85DF-D9AD39FDB117}.Release|Any CPU.Build.0 = Release|Any CPU
		{2123B05C-FC6A-4AC0-8223-540B00F8F30C}.Debug|Any CPU.ActiveCfg = Debug|Any CPU
		{2123B05C-FC6A-4AC0-8223-540B00F8F30C}.Debug|Any CPU.Build.0 = Debug|Any CPU
		{2123B05C-FC6A-4AC0-8223-540B00F8F30C}.Release|Any CPU.ActiveCfg = Release|Any CPU
		{2123B05C-FC6A-4AC0-8223-540B00F8F30C}.Release|Any CPU.Build.0 = Release|Any CPU
		{021ED5C8-EF08-49BB-A4AE-337072E417B0}.Debug|Any CPU.ActiveCfg = Debug|Any CPU
		{021ED5C8-EF08-49BB-A4AE-337072E417B0}.Debug|Any CPU.Build.0 = Debug|Any CPU
		{021ED5C8-EF08-49BB-A4AE-337072E417B0}.Release|Any CPU.ActiveCfg = Release|Any CPU
		{021ED5C8-EF08-49BB-A4AE-337072E417B0}.Release|Any CPU.Build.0 = Release|Any CPU
		{393122FA-2373-4162-9566-08D306BF579E}.Debug|Any CPU.ActiveCfg = Debug|Any CPU
		{393122FA-2373-4162-9566-08D306BF579E}.Debug|Any CPU.Build.0 = Debug|Any CPU
		{393122FA-2373-4162-9566-08D306BF579E}.Release|Any CPU.ActiveCfg = Release|Any CPU
		{393122FA-2373-4162-9566-08D306BF579E}.Release|Any CPU.Build.0 = Release|Any CPU
		{3002A0DC-268F-40CE-AF4D-D000ED904A58}.Debug|Any CPU.ActiveCfg = Debug|Any CPU
		{3002A0DC-268F-40CE-AF4D-D000ED904A58}.Debug|Any CPU.Build.0 = Debug|Any CPU
		{3002A0DC-268F-40CE-AF4D-D000ED904A58}.Release|Any CPU.ActiveCfg = Release|Any CPU
		{3002A0DC-268F-40CE-AF4D-D000ED904A58}.Release|Any CPU.Build.0 = Release|Any CPU
		{FC4588F7-2FE9-4D99-8352-6F344DE6EEC0}.Debug|Any CPU.ActiveCfg = Debug|Any CPU
		{FC4588F7-2FE9-4D99-8352-6F344DE6EEC0}.Debug|Any CPU.Build.0 = Debug|Any CPU
		{FC4588F7-2FE9-4D99-8352-6F344DE6EEC0}.Release|Any CPU.ActiveCfg = Release|Any CPU
		{FC4588F7-2FE9-4D99-8352-6F344DE6EEC0}.Release|Any CPU.Build.0 = Release|Any CPU
		{3B3136DA-F25E-49EB-B817-B841A83E99D2}.Debug|Any CPU.ActiveCfg = Debug|Any CPU
		{3B3136DA-F25E-49EB-B817-B841A83E99D2}.Debug|Any CPU.Build.0 = Debug|Any CPU
		{3B3136DA-F25E-49EB-B817-B841A83E99D2}.Release|Any CPU.ActiveCfg = Release|Any CPU
		{3B3136DA-F25E-49EB-B817-B841A83E99D2}.Release|Any CPU.Build.0 = Release|Any CPU
		{37D68FA0-61F2-40D1-ADED-4EA91A18E298}.Debug|Any CPU.ActiveCfg = Debug|Any CPU
		{37D68FA0-61F2-40D1-ADED-4EA91A18E298}.Debug|Any CPU.Build.0 = Debug|Any CPU
		{37D68FA0-61F2-40D1-ADED-4EA91A18E298}.Release|Any CPU.ActiveCfg = Release|Any CPU
		{37D68FA0-61F2-40D1-ADED-4EA91A18E298}.Release|Any CPU.Build.0 = Release|Any CPU
		{02740F70-7E2C-4FC1-864B-A76CE08E9962}.Debug|Any CPU.ActiveCfg = Debug|Any CPU
		{02740F70-7E2C-4FC1-864B-A76CE08E9962}.Debug|Any CPU.Build.0 = Debug|Any CPU
		{02740F70-7E2C-4FC1-864B-A76CE08E9962}.Release|Any CPU.ActiveCfg = Release|Any CPU
		{02740F70-7E2C-4FC1-864B-A76CE08E9962}.Release|Any CPU.Build.0 = Release|Any CPU
		{B30ACE1A-26E0-4EE4-A935-F7B64B9AB550}.Debug|Any CPU.ActiveCfg = Debug|Any CPU
		{B30ACE1A-26E0-4EE4-A935-F7B64B9AB550}.Debug|Any CPU.Build.0 = Debug|Any CPU
		{B30ACE1A-26E0-4EE4-A935-F7B64B9AB550}.Release|Any CPU.ActiveCfg = Release|Any CPU
		{B30ACE1A-26E0-4EE4-A935-F7B64B9AB550}.Release|Any CPU.Build.0 = Release|Any CPU
		{32D0DFC1-5F8C-4538-A5B6-FB8833925314}.Debug|Any CPU.ActiveCfg = Debug|Any CPU
		{32D0DFC1-5F8C-4538-A5B6-FB8833925314}.Debug|Any CPU.Build.0 = Debug|Any CPU
		{32D0DFC1-5F8C-4538-A5B6-FB8833925314}.Release|Any CPU.ActiveCfg = Release|Any CPU
		{32D0DFC1-5F8C-4538-A5B6-FB8833925314}.Release|Any CPU.Build.0 = Release|Any CPU
		{69617D73-C69F-45BF-A088-313F39F7AF91}.Debug|Any CPU.ActiveCfg = Debug|Any CPU
		{69617D73-C69F-45BF-A088-313F39F7AF91}.Debug|Any CPU.Build.0 = Debug|Any CPU
		{69617D73-C69F-45BF-A088-313F39F7AF91}.Release|Any CPU.ActiveCfg = Release|Any CPU
		{69617D73-C69F-45BF-A088-313F39F7AF91}.Release|Any CPU.Build.0 = Release|Any CPU
		{37402463-F73A-4788-B9DE-5C57EC18604F}.Debug|Any CPU.ActiveCfg = Debug|Any CPU
		{37402463-F73A-4788-B9DE-5C57EC18604F}.Debug|Any CPU.Build.0 = Debug|Any CPU
		{37402463-F73A-4788-B9DE-5C57EC18604F}.Release|Any CPU.ActiveCfg = Release|Any CPU
		{37402463-F73A-4788-B9DE-5C57EC18604F}.Release|Any CPU.Build.0 = Release|Any CPU
		{85CCF2CF-082A-4BFA-BAB3-719FCE5E0A4C}.Debug|Any CPU.ActiveCfg = Debug|Any CPU
		{85CCF2CF-082A-4BFA-BAB3-719FCE5E0A4C}.Debug|Any CPU.Build.0 = Debug|Any CPU
		{85CCF2CF-082A-4BFA-BAB3-719FCE5E0A4C}.Release|Any CPU.ActiveCfg = Release|Any CPU
		{85CCF2CF-082A-4BFA-BAB3-719FCE5E0A4C}.Release|Any CPU.Build.0 = Release|Any CPU
		{86B7F67E-3EED-49FD-B728-508EB75CA5E8}.Debug|Any CPU.ActiveCfg = Debug|Any CPU
		{86B7F67E-3EED-49FD-B728-508EB75CA5E8}.Debug|Any CPU.Build.0 = Debug|Any CPU
		{86B7F67E-3EED-49FD-B728-508EB75CA5E8}.Release|Any CPU.ActiveCfg = Release|Any CPU
		{86B7F67E-3EED-49FD-B728-508EB75CA5E8}.Release|Any CPU.Build.0 = Release|Any CPU
		{F4CE2B91-69F2-4E82-B4B5-3925AD5D9D92}.Debug|Any CPU.ActiveCfg = Debug|Any CPU
		{F4CE2B91-69F2-4E82-B4B5-3925AD5D9D92}.Debug|Any CPU.Build.0 = Debug|Any CPU
		{F4CE2B91-69F2-4E82-B4B5-3925AD5D9D92}.Release|Any CPU.ActiveCfg = Release|Any CPU
		{F4CE2B91-69F2-4E82-B4B5-3925AD5D9D92}.Release|Any CPU.Build.0 = Release|Any CPU
		{83975BBB-0A8C-4782-80C5-AA717AF8FAA7}.Debug|Any CPU.ActiveCfg = Debug|Any CPU
		{83975BBB-0A8C-4782-80C5-AA717AF8FAA7}.Debug|Any CPU.Build.0 = Debug|Any CPU
		{83975BBB-0A8C-4782-80C5-AA717AF8FAA7}.Release|Any CPU.ActiveCfg = Release|Any CPU
		{83975BBB-0A8C-4782-80C5-AA717AF8FAA7}.Release|Any CPU.Build.0 = Release|Any CPU
		{45A88E37-BF90-4D78-B7EB-2A0281B4E5B3}.Debug|Any CPU.ActiveCfg = Debug|Any CPU
		{45A88E37-BF90-4D78-B7EB-2A0281B4E5B3}.Debug|Any CPU.Build.0 = Debug|Any CPU
		{45A88E37-BF90-4D78-B7EB-2A0281B4E5B3}.Release|Any CPU.ActiveCfg = Release|Any CPU
		{45A88E37-BF90-4D78-B7EB-2A0281B4E5B3}.Release|Any CPU.Build.0 = Release|Any CPU
		{A0219A7C-D2F4-42DA-9285-3F2B5B298CF0}.Debug|Any CPU.ActiveCfg = Debug|Any CPU
		{A0219A7C-D2F4-42DA-9285-3F2B5B298CF0}.Debug|Any CPU.Build.0 = Debug|Any CPU
		{A0219A7C-D2F4-42DA-9285-3F2B5B298CF0}.Release|Any CPU.ActiveCfg = Release|Any CPU
		{A0219A7C-D2F4-42DA-9285-3F2B5B298CF0}.Release|Any CPU.Build.0 = Release|Any CPU
		{824DAA9B-A087-4AAF-B4D4-A7B7A6C66A7B}.Debug|Any CPU.ActiveCfg = Debug|Any CPU
		{824DAA9B-A087-4AAF-B4D4-A7B7A6C66A7B}.Debug|Any CPU.Build.0 = Debug|Any CPU
		{824DAA9B-A087-4AAF-B4D4-A7B7A6C66A7B}.Release|Any CPU.ActiveCfg = Release|Any CPU
		{824DAA9B-A087-4AAF-B4D4-A7B7A6C66A7B}.Release|Any CPU.Build.0 = Release|Any CPU
		{B6E50065-9C06-4013-AD49-3C4901C0A6D2}.Debug|Any CPU.ActiveCfg = Debug|Any CPU
		{B6E50065-9C06-4013-AD49-3C4901C0A6D2}.Debug|Any CPU.Build.0 = Debug|Any CPU
		{B6E50065-9C06-4013-AD49-3C4901C0A6D2}.Release|Any CPU.ActiveCfg = Release|Any CPU
		{B6E50065-9C06-4013-AD49-3C4901C0A6D2}.Release|Any CPU.Build.0 = Release|Any CPU
		{93635750-E60D-4525-9997-F1D9CD386263}.Debug|Any CPU.ActiveCfg = Debug|Any CPU
		{93635750-E60D-4525-9997-F1D9CD386263}.Debug|Any CPU.Build.0 = Debug|Any CPU
		{93635750-E60D-4525-9997-F1D9CD386263}.Release|Any CPU.ActiveCfg = Release|Any CPU
		{93635750-E60D-4525-9997-F1D9CD386263}.Release|Any CPU.Build.0 = Release|Any CPU
		{CD94D63E-E7A3-46FF-ADC7-2AF9CEBB3755}.Debug|Any CPU.ActiveCfg = Debug|Any CPU
		{CD94D63E-E7A3-46FF-ADC7-2AF9CEBB3755}.Debug|Any CPU.Build.0 = Debug|Any CPU
		{CD94D63E-E7A3-46FF-ADC7-2AF9CEBB3755}.Release|Any CPU.ActiveCfg = Release|Any CPU
		{CD94D63E-E7A3-46FF-ADC7-2AF9CEBB3755}.Release|Any CPU.Build.0 = Release|Any CPU
		{868D8D86-2753-4A2C-ACDC-A54509936734}.Debug|Any CPU.ActiveCfg = Debug|Any CPU
		{868D8D86-2753-4A2C-ACDC-A54509936734}.Debug|Any CPU.Build.0 = Debug|Any CPU
		{868D8D86-2753-4A2C-ACDC-A54509936734}.Release|Any CPU.ActiveCfg = Release|Any CPU
		{868D8D86-2753-4A2C-ACDC-A54509936734}.Release|Any CPU.Build.0 = Release|Any CPU
	EndGlobalSection
	GlobalSection(SolutionProperties) = preSolution
		HideSolutionNode = FALSE
	EndGlobalSection
	GlobalSection(NestedProjects) = preSolution
		{A101FBDF-273F-477F-85DF-D9AD39FDB117} = {341CD552-661B-49D6-934A-9CE5C11437A3}
		{2123B05C-FC6A-4AC0-8223-540B00F8F30C} = {DE420171-A672-478A-99CA-62AB53D57785}
		{021ED5C8-EF08-49BB-A4AE-337072E417B0} = {DE420171-A672-478A-99CA-62AB53D57785}
		{393122FA-2373-4162-9566-08D306BF579E} = {DE420171-A672-478A-99CA-62AB53D57785}
		{3002A0DC-268F-40CE-AF4D-D000ED904A58} = {DE420171-A672-478A-99CA-62AB53D57785}
		{FC4588F7-2FE9-4D99-8352-6F344DE6EEC0} = {DE420171-A672-478A-99CA-62AB53D57785}
		{3B3136DA-F25E-49EB-B817-B841A83E99D2} = {DE420171-A672-478A-99CA-62AB53D57785}
		{37D68FA0-61F2-40D1-ADED-4EA91A18E298} = {DE420171-A672-478A-99CA-62AB53D57785}
		{02740F70-7E2C-4FC1-864B-A76CE08E9962} = {DE420171-A672-478A-99CA-62AB53D57785}
		{B30ACE1A-26E0-4EE4-A935-F7B64B9AB550} = {5407248D-A1AD-48BB-9C3B-BEB9C05CC194}
		{32D0DFC1-5F8C-4538-A5B6-FB8833925314} = {5407248D-A1AD-48BB-9C3B-BEB9C05CC194}
		{69617D73-C69F-45BF-A088-313F39F7AF91} = {84CE5E54-82B6-4B0D-AEC5-3E22BF4FD0D2}
		{37402463-F73A-4788-B9DE-5C57EC18604F} = {341CD552-661B-49D6-934A-9CE5C11437A3}
		{85CCF2CF-082A-4BFA-BAB3-719FCE5E0A4C} = {84CE5E54-82B6-4B0D-AEC5-3E22BF4FD0D2}
		{86B7F67E-3EED-49FD-B728-508EB75CA5E8} = {DE420171-A672-478A-99CA-62AB53D57785}
		{F4CE2B91-69F2-4E82-B4B5-3925AD5D9D92} = {84CE5E54-82B6-4B0D-AEC5-3E22BF4FD0D2}
		{83975BBB-0A8C-4782-80C5-AA717AF8FAA7} = {84CE5E54-82B6-4B0D-AEC5-3E22BF4FD0D2}
		{45A88E37-BF90-4D78-B7EB-2A0281B4E5B3} = {84CE5E54-82B6-4B0D-AEC5-3E22BF4FD0D2}
		{A0219A7C-D2F4-42DA-9285-3F2B5B298CF0} = {DE420171-A672-478A-99CA-62AB53D57785}
		{824DAA9B-A087-4AAF-B4D4-A7B7A6C66A7B} = {84CE5E54-82B6-4B0D-AEC5-3E22BF4FD0D2}
		{B6E50065-9C06-4013-AD49-3C4901C0A6D2} = {84CE5E54-82B6-4B0D-AEC5-3E22BF4FD0D2}
		{93635750-E60D-4525-9997-F1D9CD386263} = {84CE5E54-82B6-4B0D-AEC5-3E22BF4FD0D2}
		{CD94D63E-E7A3-46FF-ADC7-2AF9CEBB3755} = {DE420171-A672-478A-99CA-62AB53D57785}
		{868D8D86-2753-4A2C-ACDC-A54509936734} = {84CE5E54-82B6-4B0D-AEC5-3E22BF4FD0D2}
	EndGlobalSection
	GlobalSection(ExtensibilityGlobals) = postSolution
		SolutionGuid = {E971DA80-FBCC-48DC-94AF-074536131022}
	EndGlobalSection
EndGlobal
